
Microsoft Visual Studio Solution File, Format Version 12.00
# Visual Studio 14
VisualStudioVersion = 14.0.23107.0
MinimumVisualStudioVersion = 10.0.40219.1
Project("{FAE04EC0-301F-11D3-BF4B-00C04F79EFBC}") = "EventHub.OpenTsdbTelnetWriter", "EventHub.OpenTsdbTelnetWriter\EventHub.OpenTsdbTelnetWriter.csproj", "{B66B5CBE-23CA-43A6-A27E-D45577F37BCC}"
EndProject
Project("{FAE04EC0-301F-11D3-BF4B-00C04F79EFBC}") = "Utility.Core", "Utility.Core\Utility.Core.csproj", "{ABDB6045-9F0C-4292-A792-3FED976161F8}"
EndProject
Project("{FAE04EC0-301F-11D3-BF4B-00C04F79EFBC}") = "Utility.Common", "Utility.Common\Utility.Common.csproj", "{4D2DB668-8E67-48AE-86AC-E8897B6E6E8C}"
EndProject
Project("{FAE04EC0-301F-11D3-BF4B-00C04F79EFBC}") = "EventHub.DataPump.ConsoleRunner", "EventHub.DataPump.ConsoleRunner\EventHub.DataPump.ConsoleRunner.csproj", "{B65C4B9D-4DDD-492E-9DEC-4F46789AF506}"
EndProject
Global
	GlobalSection(SolutionConfigurationPlatforms) = preSolution
		Debug|Any CPU = Debug|Any CPU
		Release|Any CPU = Release|Any CPU
	EndGlobalSection
	GlobalSection(ProjectConfigurationPlatforms) = postSolution
		{B66B5CBE-23CA-43A6-A27E-D45577F37BCC}.Debug|Any CPU.ActiveCfg = Debug|Any CPU
		{B66B5CBE-23CA-43A6-A27E-D45577F37BCC}.Debug|Any CPU.Build.0 = Debug|Any CPU
		{B66B5CBE-23CA-43A6-A27E-D45577F37BCC}.Release|Any CPU.ActiveCfg = Release|Any CPU
		{B66B5CBE-23CA-43A6-A27E-D45577F37BCC}.Release|Any CPU.Build.0 = Release|Any CPU
		{ABDB6045-9F0C-4292-A792-3FED976161F8}.Debug|Any CPU.ActiveCfg = Debug|Any CPU
		{ABDB6045-9F0C-4292-A792-3FED976161F8}.Debug|Any CPU.Build.0 = Debug|Any CPU
		{ABDB6045-9F0C-4292-A792-3FED976161F8}.Release|Any CPU.ActiveCfg = Release|Any CPU
		{ABDB6045-9F0C-4292-A792-3FED976161F8}.Release|Any CPU.Build.0 = Release|Any CPU
		{4D2DB668-8E67-48AE-86AC-E8897B6E6E8C}.Debug|Any CPU.ActiveCfg = Debug|Any CPU
		{4D2DB668-8E67-48AE-86AC-E8897B6E6E8C}.Debug|Any CPU.Build.0 = Debug|Any CPU
		{4D2DB668-8E67-48AE-86AC-E8897B6E6E8C}.Release|Any CPU.ActiveCfg = Release|Any CPU
		{4D2DB668-8E67-48AE-86AC-E8897B6E6E8C}.Release|Any CPU.Build.0 = Release|Any CPU
		{B65C4B9D-4DDD-492E-9DEC-4F46789AF506}.Debug|Any CPU.ActiveCfg = Debug|Any CPU
		{B65C4B9D-4DDD-492E-9DEC-4F46789AF506}.Debug|Any CPU.Build.0 = Debug|Any CPU
		{B65C4B9D-4DDD-492E-9DEC-4F46789AF506}.Release|Any CPU.ActiveCfg = Release|Any CPU
		{B65C4B9D-4DDD-492E-9DEC-4F46789AF506}.Release|Any CPU.Build.0 = Release|Any CPU
	EndGlobalSection
	GlobalSection(SolutionProperties) = preSolution
		HideSolutionNode = FALSE
	EndGlobalSection
EndGlobal
